
Microsoft Visual Studio Solution File, Format Version 12.00
# Visual Studio 15
VisualStudioVersion = 15.0.28307.168
MinimumVisualStudioVersion = 10.0.40219.1
Project("{FAE04EC0-301F-11D3-BF4B-00C04F79EFBC}") = "Selenium", "Selenium\Selenium.csproj", "{017029EA-F1C6-40C0-9384-9033EDD4E7EC}"
EndProject
Global
	GlobalSection(SolutionConfigurationPlatforms) = preSolution
		Debug|Any CPU = Debug|Any CPU
		Release|Any CPU = Release|Any CPU
	EndGlobalSection
	GlobalSection(ProjectConfigurationPlatforms) = postSolution
		{017029EA-F1C6-40C0-9384-9033EDD4E7EC}.Debug|Any CPU.ActiveCfg = Debug|Any CPU
		{017029EA-F1C6-40C0-9384-9033EDD4E7EC}.Debug|Any CPU.Build.0 = Debug|Any CPU
		{017029EA-F1C6-40C0-9384-9033EDD4E7EC}.Release|Any CPU.ActiveCfg = Release|Any CPU
		{017029EA-F1C6-40C0-9384-9033EDD4E7EC}.Release|Any CPU.Build.0 = Release|Any CPU
	EndGlobalSection
	GlobalSection(SolutionProperties) = preSolution
		HideSolutionNode = FALSE
	EndGlobalSection
	GlobalSection(ExtensibilityGlobals) = postSolution
		SolutionGuid = {74D1B39F-360C-4893-A408-E854D69E7DCB}
	EndGlobalSection
EndGlobal
